
Microsoft Visual Studio Solution File, Format Version 12.00
# Visual Studio Version 16
VisualStudioVersion = 16.0.29920.165
MinimumVisualStudioVersion = 10.0.40219.1
Project("{8BC9CEB8-8B4A-11D0-8D11-00A0C91BC942}") = "ch03", "ch03\ch03.vcxproj", "{81CC3668-1E9E-405F-AA94-66C11A6BC904}"
EndProject
Project("{8BC9CEB8-8B4A-11D0-8D11-00A0C91BC942}") = "ch04", "ch04\ch04.vcxproj", "{9689D6DC-975F-428D-9E82-A6F697866352}"
EndProject
Project("{8BC9CEB8-8B4A-11D0-8D11-00A0C91BC942}") = "ch05", "ch05\ch05.vcxproj", "{1C36B912-852C-4FB0-B3A2-AA1E7DD77B3F}"
EndProject
Project("{8BC9CEB8-8B4A-11D0-8D11-00A0C91BC942}") = "ch06", "ch06\ch06.vcxproj", "{D428BD1D-B93A-4CED-88C6-71D398C32085}"
EndProject
Global
	GlobalSection(SolutionConfigurationPlatforms) = preSolution
		Debug|x64 = Debug|x64
		Debug|x86 = Debug|x86
		Release|x64 = Release|x64
		Release|x86 = Release|x86
	EndGlobalSection
	GlobalSection(ProjectConfigurationPlatforms) = postSolution
		{81CC3668-1E9E-405F-AA94-66C11A6BC904}.Debug|x64.ActiveCfg = Debug|x64
		{81CC3668-1E9E-405F-AA94-66C11A6BC904}.Debug|x64.Build.0 = Debug|x64
		{81CC3668-1E9E-405F-AA94-66C11A6BC904}.Debug|x86.ActiveCfg = Debug|Win32
		{81CC3668-1E9E-405F-AA94-66C11A6BC904}.Debug|x86.Build.0 = Debug|Win32
		{81CC3668-1E9E-405F-AA94-66C11A6BC904}.Release|x64.ActiveCfg = Release|x64
		{81CC3668-1E9E-405F-AA94-66C11A6BC904}.Release|x64.Build.0 = Release|x64
		{81CC3668-1E9E-405F-AA94-66C11A6BC904}.Release|x86.ActiveCfg = Release|Win32
		{81CC3668-1E9E-405F-AA94-66C11A6BC904}.Release|x86.Build.0 = Release|Win32
		{9689D6DC-975F-428D-9E82-A6F697866352}.Debug|x64.ActiveCfg = Debug|x64
		{9689D6DC-975F-428D-9E82-A6F697866352}.Debug|x64.Build.0 = Debug|x64
		{9689D6DC-975F-428D-9E82-A6F697866352}.Debug|x86.ActiveCfg = Debug|Win32
		{9689D6DC-975F-428D-9E82-A6F697866352}.Debug|x86.Build.0 = Debug|Win32
		{9689D6DC-975F-428D-9E82-A6F697866352}.Release|x64.ActiveCfg = Release|x64
		{9689D6DC-975F-428D-9E82-A6F697866352}.Release|x64.Build.0 = Release|x64
		{9689D6DC-975F-428D-9E82-A6F697866352}.Release|x86.ActiveCfg = Release|Win32
		{9689D6DC-975F-428D-9E82-A6F697866352}.Release|x86.Build.0 = Release|Win32
		{1C36B912-852C-4FB0-B3A2-AA1E7DD77B3F}.Debug|x64.ActiveCfg = Debug|x64
		{1C36B912-852C-4FB0-B3A2-AA1E7DD77B3F}.Debug|x64.Build.0 = Debug|x64
		{1C36B912-852C-4FB0-B3A2-AA1E7DD77B3F}.Debug|x86.ActiveCfg = Debug|Win32
		{1C36B912-852C-4FB0-B3A2-AA1E7DD77B3F}.Debug|x86.Build.0 = Debug|Win32
		{1C36B912-852C-4FB0-B3A2-AA1E7DD77B3F}.Release|x64.ActiveCfg = Release|x64
		{1C36B912-852C-4FB0-B3A2-AA1E7DD77B3F}.Release|x64.Build.0 = Release|x64
		{1C36B912-852C-4FB0-B3A2-AA1E7DD77B3F}.Release|x86.ActiveCfg = Release|Win32
		{1C36B912-852C-4FB0-B3A2-AA1E7DD77B3F}.Release|x86.Build.0 = Release|Win32
		{D428BD1D-B93A-4CED-88C6-71D398C32085}.Debug|x64.ActiveCfg = Debug|x64
		{D428BD1D-B93A-4CED-88C6-71D398C32085}.Debug|x64.Build.0 = Debug|x64
		{D428BD1D-B93A-4CED-88C6-71D398C32085}.Debug|x86.ActiveCfg = Debug|Win32
		{D428BD1D-B93A-4CED-88C6-71D398C32085}.Debug|x86.Build.0 = Debug|Win32
		{D428BD1D-B93A-4CED-88C6-71D398C32085}.Release|x64.ActiveCfg = Release|x64
		{D428BD1D-B93A-4CED-88C6-71D398C32085}.Release|x64.Build.0 = Release|x64
		{D428BD1D-B93A-4CED-88C6-71D398C32085}.Release|x86.ActiveCfg = Release|Win32
		{D428BD1D-B93A-4CED-88C6-71D398C32085}.Release|x86.Build.0 = Release|Win32
	EndGlobalSection
	GlobalSection(SolutionProperties) = preSolution
		HideSolutionNode = FALSE
	EndGlobalSection
	GlobalSection(ExtensibilityGlobals) = postSolution
		SolutionGuid = {341DE778-EF1E-4FF1-A9FF-F5B3E09A3D88}
	EndGlobalSection
EndGlobal
